
Microsoft Visual Studio Solution File, Format Version 12.00
# Visual Studio Version 17
VisualStudioVersion = 17.8.34511.84
MinimumVisualStudioVersion = 10.0.40219.1
Project("{FAE04EC0-301F-11D3-BF4B-00C04F79EFBC}") = "N20240408.EntidadesDeNegocio", "N20240408.EntidadesDeNegocio\N20240408.EntidadesDeNegocio.csproj", "{75A636E5-43D1-4374-8E58-A5491F94772D}"
EndProject
Project("{FAE04EC0-301F-11D3-BF4B-00C04F79EFBC}") = "N20240408.AccesoADatos", "N20240408.AccesoADatos\N20240408.AccesoADatos.csproj", "{96235FD1-8C68-45D4-B145-4187C0B63933}"
EndProject
Project("{FAE04EC0-301F-11D3-BF4B-00C04F79EFBC}") = "N20240408.LogicaDeNegocio", "N20240408.LogicaDeNegocio\N20240408.LogicaDeNegocio.csproj", "{B11DD8C9-2704-4641-ADC6-670C1EE9AFE7}"
EndProject
Project("{FAE04EC0-301F-11D3-BF4B-00C04F79EFBC}") = "N20240408.UI.AppWebMVC", "N20240408.UI.AppWebMVC\N20240408.UI.AppWebMVC.csproj", "{EFDD6A50-FF53-47BA-96A8-5EA6EDCA4648}"
EndProject
Global
	GlobalSection(SolutionConfigurationPlatforms) = preSolution
		Debug|Any CPU = Debug|Any CPU
		Release|Any CPU = Release|Any CPU
	EndGlobalSection
	GlobalSection(ProjectConfigurationPlatforms) = postSolution
		{75A636E5-43D1-4374-8E58-A5491F94772D}.Debug|Any CPU.ActiveCfg = Debug|Any CPU
		{75A636E5-43D1-4374-8E58-A5491F94772D}.Debug|Any CPU.Build.0 = Debug|Any CPU
		{75A636E5-43D1-4374-8E58-A5491F94772D}.Release|Any CPU.ActiveCfg = Release|Any CPU
		{75A636E5-43D1-4374-8E58-A5491F94772D}.Release|Any CPU.Build.0 = Release|Any CPU
		{96235FD1-8C68-45D4-B145-4187C0B63933}.Debug|Any CPU.ActiveCfg = Debug|Any CPU
		{96235FD1-8C68-45D4-B145-4187C0B63933}.Debug|Any CPU.Build.0 = Debug|Any CPU
		{96235FD1-8C68-45D4-B145-4187C0B63933}.Release|Any CPU.ActiveCfg = Release|Any CPU
		{96235FD1-8C68-45D4-B145-4187C0B63933}.Release|Any CPU.Build.0 = Release|Any CPU
		{B11DD8C9-2704-4641-ADC6-670C1EE9AFE7}.Debug|Any CPU.ActiveCfg = Debug|Any CPU
		{B11DD8C9-2704-4641-ADC6-670C1EE9AFE7}.Debug|Any CPU.Build.0 = Debug|Any CPU
		{B11DD8C9-2704-4641-ADC6-670C1EE9AFE7}.Release|Any CPU.ActiveCfg = Release|Any CPU
		{B11DD8C9-2704-4641-ADC6-670C1EE9AFE7}.Release|Any CPU.Build.0 = Release|Any CPU
		{EFDD6A50-FF53-47BA-96A8-5EA6EDCA4648}.Debug|Any CPU.ActiveCfg = Debug|Any CPU
		{EFDD6A50-FF53-47BA-96A8-5EA6EDCA4648}.Debug|Any CPU.Build.0 = Debug|Any CPU
		{EFDD6A50-FF53-47BA-96A8-5EA6EDCA4648}.Release|Any CPU.ActiveCfg = Release|Any CPU
		{EFDD6A50-FF53-47BA-96A8-5EA6EDCA4648}.Release|Any CPU.Build.0 = Release|Any CPU
	EndGlobalSection
	GlobalSection(SolutionProperties) = preSolution
		HideSolutionNode = FALSE
	EndGlobalSection
	GlobalSection(ExtensibilityGlobals) = postSolution
		SolutionGuid = {64319A0C-7DCA-456E-96AC-B555026F4B1D}
	EndGlobalSection
EndGlobal
